
Microsoft Visual Studio Solution File, Format Version 12.00
# Visual Studio Version 17
VisualStudioVersion = 17.14.36203.30 d17.14
MinimumVisualStudioVersion = 10.0.40219.1
Project("{FAE04EC0-301F-11D3-BF4B-00C04F79EFBC}") = "BookDiscount", "BookDiscount.csproj", "{DB732AAB-7478-4049-BB1D-9A8CD19F1FF2}"
EndProject
Global
	GlobalSection(SolutionConfigurationPlatforms) = preSolution
		Debug|Any CPU = Debug|Any CPU
		Release|Any CPU = Release|Any CPU
	EndGlobalSection
	GlobalSection(ProjectConfigurationPlatforms) = postSolution
		{DB732AAB-7478-4049-BB1D-9A8CD19F1FF2}.Debug|Any CPU.ActiveCfg = Debug|Any CPU
		{DB732AAB-7478-4049-BB1D-9A8CD19F1FF2}.Debug|Any CPU.Build.0 = Debug|Any CPU
		{DB732AAB-7478-4049-BB1D-9A8CD19F1FF2}.Release|Any CPU.ActiveCfg = Release|Any CPU
		{DB732AAB-7478-4049-BB1D-9A8CD19F1FF2}.Release|Any CPU.Build.0 = Release|Any CPU
	EndGlobalSection
	GlobalSection(SolutionProperties) = preSolution
		HideSolutionNode = FALSE
	EndGlobalSection
	GlobalSection(ExtensibilityGlobals) = postSolution
		SolutionGuid = {3E76B303-1045-4962-9C1A-41C70349AF5B}
	EndGlobalSection
EndGlobal
